// !$*UTF8*$!
{
	archiveVersion = 1;
	classes = {
	};
	objectVersion = 46;
	objects = {

/* Begin PBXBuildFile section */
		047AD5E41F2385C900B30A56 /* AppDelegate.swift in Sources */ = {isa = PBXBuildFile; fileRef = 047AD5E31F2385C900B30A56 /* AppDelegate.swift */; };
		047AD5E61F2385C900B30A56 /* ViewController.swift in Sources */ = {isa = PBXBuildFile; fileRef = 047AD5E51F2385C900B30A56 /* ViewController.swift */; };
		047AD5E91F2385C900B30A56 /* Main.storyboard in Resources */ = {isa = PBXBuildFile; fileRef = 047AD5E71F2385C900B30A56 /* Main.storyboard */; };
		047AD5EB1F2385C900B30A56 /* Assets.xcassets in Resources */ = {isa = PBXBuildFile; fileRef = 047AD5EA1F2385C900B30A56 /* Assets.xcassets */; };
		047AD5EE1F2385C900B30A56 /* LaunchScreen.storyboard in Resources */ = {isa = PBXBuildFile; fileRef = 047AD5EC1F2385C900B30A56 /* LaunchScreen.storyboard */; };
		047AD5F61F23879B00B30A56 /* InitialViewController.swift in Sources */ = {isa = PBXBuildFile; fileRef = 047AD5F51F23879B00B30A56 /* InitialViewController.swift */; };
		047AD5F81F238A3A00B30A56 /* Accelerate.framework in Frameworks */ = {isa = PBXBuildFile; fileRef = 047AD5F71F238A3A00B30A56 /* Accelerate.framework */; };
		047AD5FA1F238A4300B30A56 /* AudioToolbox.framework in Frameworks */ = {isa = PBXBuildFile; fileRef = 047AD5F91F238A4300B30A56 /* AudioToolbox.framework */; };
		047AD5FC1F238A4F00B30A56 /* AVFoundation.framework in Frameworks */ = {isa = PBXBuildFile; fileRef = 047AD5FB1F238A4F00B30A56 /* AVFoundation.framework */; };
		047AD5FE1F238A5B00B30A56 /* CoreLocation.framework in Frameworks */ = {isa = PBXBuildFile; fileRef = 047AD5FD1F238A5B00B30A56 /* CoreLocation.framework */; };
		047AD6001F238A6300B30A56 /* CoreMedia.framework in Frameworks */ = {isa = PBXBuildFile; fileRef = 047AD5FF1F238A6300B30A56 /* CoreMedia.framework */; };
		047AD6021F238A6C00B30A56 /* MessageUI.framework in Frameworks */ = {isa = PBXBuildFile; fileRef = 047AD6011F238A6C00B30A56 /* MessageUI.framework */; };
		047AD6041F238A7800B30A56 /* MobileCoreServices.framework in Frameworks */ = {isa = PBXBuildFile; fileRef = 047AD6031F238A7800B30A56 /* MobileCoreServices.framework */; };
		047AD6061F238A8100B30A56 /* SystemConfiguration.framework in Frameworks */ = {isa = PBXBuildFile; fileRef = 047AD6051F238A8100B30A56 /* SystemConfiguration.framework */; };
		047AD6081F238A8B00B30A56 /* SafariServices.framework in Frameworks */ = {isa = PBXBuildFile; fileRef = 047AD6071F238A8B00B30A56 /* SafariServices.framework */; };
		2A96EBC82F9FDAFF84A8B20F /* Pods_PaypalTest.framework in Frameworks */ = {isa = PBXBuildFile; fileRef = FE546BB045F76176E1F333FA /* Pods_PaypalTest.framework */; };
/* End PBXBuildFile section */

/* Begin PBXFileReference section */
		047AD5E01F2385C900B30A56 /* PaypalTest.app */ = {isa = PBXFileReference; explicitFileType = wrapper.application; includeInIndex = 0; path = PaypalTest.app; sourceTree = BUILT_PRODUCTS_DIR; };
		047AD5E31F2385C900B30A56 /* AppDelegate.swift */ = {isa = PBXFileReference; lastKnownFileType = sourcecode.swift; path = AppDelegate.swift; sourceTree = "<group>"; };
		047AD5E51F2385C900B30A56 /* ViewController.swift */ = {isa = PBXFileReference; lastKnownFileType = sourcecode.swift; path = ViewController.swift; sourceTree = "<group>"; };
		047AD5E81F2385C900B30A56 /* Base */ = {isa = PBXFileReference; lastKnownFileType = file.storyboard; name = Base; path = Base.lproj/Main.storyboard; sourceTree = "<group>"; };
		047AD5EA1F2385C900B30A56 /* Assets.xcassets */ = {isa = PBXFileReference; lastKnownFileType = folder.assetcatalog; path = Assets.xcassets; sourceTree = "<group>"; };
		047AD5ED1F2385C900B30A56 /* Base */ = {isa = PBXFileReference; lastKnownFileType = file.storyboard; name = Base; path = Base.lproj/LaunchScreen.storyboard; sourceTree = "<group>"; };
		047AD5EF1F2385C900B30A56 /* Info.plist */ = {isa = PBXFileReference; lastKnownFileType = text.plist.xml; path = Info.plist; sourceTree = "<group>"; };
		047AD5F51F23879B00B30A56 /* InitialViewController.swift */ = {isa = PBXFileReference; fileEncoding = 4; lastKnownFileType = sourcecode.swift; path = InitialViewController.swift; sourceTree = "<group>"; };
		047AD5F71F238A3A00B30A56 /* Accelerate.framework */ = {isa = PBXFileReference; lastKnownFileType = wrapper.framework; name = Accelerate.framework; path = System/Library/Frameworks/Accelerate.framework; sourceTree = SDKROOT; };
		047AD5F91F238A4300B30A56 /* AudioToolbox.framework */ = {isa = PBXFileReference; lastKnownFileType = wrapper.framework; name = AudioToolbox.framework; path = System/Library/Frameworks/AudioToolbox.framework; sourceTree = SDKROOT; };
		047AD5FB1F238A4F00B30A56 /* AVFoundation.framework */ = {isa = PBXFileReference; lastKnownFileType = wrapper.framework; name = AVFoundation.framework; path = System/Library/Frameworks/AVFoundation.framework; sourceTree = SDKROOT; };
		047AD5FD1F238A5B00B30A56 /* CoreLocation.framework */ = {isa = PBXFileReference; lastKnownFileType = wrapper.framework; name = CoreLocation.framework; path = System/Library/Frameworks/CoreLocation.framework; sourceTree = SDKROOT; };
		047AD5FF1F238A6300B30A56 /* CoreMedia.framework */ = {isa = PBXFileReference; lastKnownFileType = wrapper.framework; name = CoreMedia.framework; path = System/Library/Frameworks/CoreMedia.framework; sourceTree = SDKROOT; };
		047AD6011F238A6C00B30A56 /* MessageUI.framework */ = {isa = PBXFileReference; lastKnownFileType = wrapper.framework; name = MessageUI.framework; path = System/Library/Frameworks/MessageUI.framework; sourceTree = SDKROOT; };
		047AD6031F238A7800B30A56 /* MobileCoreServices.framework */ = {isa = PBXFileReference; lastKnownFileType = wrapper.framework; name = MobileCoreServices.framework; path = System/Library/Frameworks/MobileCoreServices.framework; sourceTree = SDKROOT; };
		047AD6051F238A8100B30A56 /* SystemConfiguration.framework */ = {isa = PBXFileReference; lastKnownFileType = wrapper.framework; name = SystemConfiguration.framework; path = System/Library/Frameworks/SystemConfiguration.framework; sourceTree = SDKROOT; };
		047AD6071F238A8B00B30A56 /* SafariServices.framework */ = {isa = PBXFileReference; lastKnownFileType = wrapper.framework; name = SafariServices.framework; path = System/Library/Frameworks/SafariServices.framework; sourceTree = SDKROOT; };
		047AD6091F238D1900B30A56 /* PaypalTest-Bridging-Header.h */ = {isa = PBXFileReference; lastKnownFileType = sourcecode.c.h; path = "PaypalTest-Bridging-Header.h"; sourceTree = "<group>"; };
		6BEE39C8607BB1538EBCA87E /* Pods-PaypalTest.release.xcconfig */ = {isa = PBXFileReference; includeInIndex = 1; lastKnownFileType = text.xcconfig; name = "Pods-PaypalTest.release.xcconfig"; path = "Pods/Target Support Files/Pods-PaypalTest/Pods-PaypalTest.release.xcconfig"; sourceTree = "<group>"; };
		B17B5243BE5E8732BBAAB472 /* Pods-PaypalTest.debug.xcconfig */ = {isa = PBXFileReference; includeInIndex = 1; lastKnownFileType = text.xcconfig; name = "Pods-PaypalTest.debug.xcconfig"; path = "Pods/Target Support Files/Pods-PaypalTest/Pods-PaypalTest.debug.xcconfig"; sourceTree = "<group>"; };
		FE546BB045F76176E1F333FA /* Pods_PaypalTest.framework */ = {isa = PBXFileReference; explicitFileType = wrapper.framework; includeInIndex = 0; path = Pods_PaypalTest.framework; sourceTree = BUILT_PRODUCTS_DIR; };
/* End PBXFileReference section */

/* Begin PBXFrameworksBuildPhase section */
		047AD5DD1F2385C900B30A56 /* Frameworks */ = {
			isa = PBXFrameworksBuildPhase;
			buildActionMask = 2147483647;
			files = (
				047AD6081F238A8B00B30A56 /* SafariServices.framework in Frameworks */,
				047AD6061F238A8100B30A56 /* SystemConfiguration.framework in Frameworks */,
				047AD6041F238A7800B30A56 /* MobileCoreServices.framework in Frameworks */,
				047AD6021F238A6C00B30A56 /* MessageUI.framework in Frameworks */,
				047AD6001F238A6300B30A56 /* CoreMedia.framework in Frameworks */,
				047AD5FE1F238A5B00B30A56 /* CoreLocation.framework in Frameworks */,
				047AD5FC1F238A4F00B30A56 /* AVFoundation.framework in Frameworks */,
				047AD5FA1F238A4300B30A56 /* AudioToolbox.framework in Frameworks */,
				047AD5F81F238A3A00B30A56 /* Accelerate.framework in Frameworks */,
				2A96EBC82F9FDAFF84A8B20F /* Pods_PaypalTest.framework in Frameworks */,
			);
			runOnlyForDeploymentPostprocessing = 0;
		};
/* End PBXFrameworksBuildPhase section */

/* Begin PBXGroup section */
		047AD5D71F2385C900B30A56 = {
			isa = PBXGroup;
			children = (
				047AD5E21F2385C900B30A56 /* PaypalTest */,
				047AD5E11F2385C900B30A56 /* Products */,
				0FF22857B1145366983E163F /* Pods */,
				1A4585DF2F5AEDFF065232ED /* Frameworks */,
			);
			sourceTree = "<group>";
		};
		047AD5E11F2385C900B30A56 /* Products */ = {
			isa = PBXGroup;
			children = (
				047AD5E01F2385C900B30A56 /* PaypalTest.app */,
			);
			name = Products;
			sourceTree = "<group>";
		};
		047AD5E21F2385C900B30A56 /* PaypalTest */ = {
			isa = PBXGroup;
			children = (
				047AD5E31F2385C900B30A56 /* AppDelegate.swift */,
				047AD5F51F23879B00B30A56 /* InitialViewController.swift */,
				047AD5E51F2385C900B30A56 /* ViewController.swift */,
				047AD5E71F2385C900B30A56 /* Main.storyboard */,
				047AD5EA1F2385C900B30A56 /* Assets.xcassets */,
				047AD5EC1F2385C900B30A56 /* LaunchScreen.storyboard */,
				047AD5EF1F2385C900B30A56 /* Info.plist */,
				047AD6091F238D1900B30A56 /* PaypalTest-Bridging-Header.h */,
			);
			path = PaypalTest;
			sourceTree = "<group>";
		};
		0FF22857B1145366983E163F /* Pods */ = {
			isa = PBXGroup;
			children = (
				B17B5243BE5E8732BBAAB472 /* Pods-PaypalTest.debug.xcconfig */,
				6BEE39C8607BB1538EBCA87E /* Pods-PaypalTest.release.xcconfig */,
			);
			name = Pods;
			sourceTree = "<group>";
		};
		1A4585DF2F5AEDFF065232ED /* Frameworks */ = {
			isa = PBXGroup;
			children = (
				047AD6071F238A8B00B30A56 /* SafariServices.framework */,
				047AD6051F238A8100B30A56 /* SystemConfiguration.framework */,
				047AD6031F238A7800B30A56 /* MobileCoreServices.framework */,
				047AD6011F238A6C00B30A56 /* MessageUI.framework */,
				047AD5FF1F238A6300B30A56 /* CoreMedia.framework */,
				047AD5FD1F238A5B00B30A56 /* CoreLocation.framework */,
				047AD5FB1F238A4F00B30A56 /* AVFoundation.framework */,
				047AD5F91F238A4300B30A56 /* AudioToolbox.framework */,
				047AD5F71F238A3A00B30A56 /* Accelerate.framework */,
				FE546BB045F76176E1F333FA /* Pods_PaypalTest.framework */,
			);
			name = Frameworks;
			sourceTree = "<group>";
		};
/* End PBXGroup section */

/* Begin PBXNativeTarget section */
		047AD5DF1F2385C900B30A56 /* PaypalTest */ = {
			isa = PBXNativeTarget;
			buildConfigurationList = 047AD5F21F2385C900B30A56 /* Build configuration list for PBXNativeTarget "PaypalTest" */;
			buildPhases = (
				F959AD7BDC6DACF1DEC7921F /* [CP] Check Pods Manifest.lock */,
				047AD5DC1F2385C900B30A56 /* Sources */,
				047AD5DD1F2385C900B30A56 /* Frameworks */,
				047AD5DE1F2385C900B30A56 /* Resources */,
				446E2B7A848C422426092129 /* [CP] Embed Pods Frameworks */,
				CE11684F5C27858CF00385DD /* [CP] Copy Pods Resources */,
			);
			buildRules = (
			);
			dependencies = (
			);
			name = PaypalTest;
			productName = PaypalTest;
			productReference = 047AD5E01F2385C900B30A56 /* PaypalTest.app */;
			productType = "com.apple.product-type.application";
		};
/* End PBXNativeTarget section */

/* Begin PBXProject section */
		047AD5D81F2385C900B30A56 /* Project object */ = {
			isa = PBXProject;
			attributes = {
				LastSwiftUpdateCheck = 0830;
				LastUpgradeCheck = 0830;
				ORGANIZATIONNAME = Mac;
				TargetAttributes = {
					047AD5DF1F2385C900B30A56 = {
						CreatedOnToolsVersion = 8.3.3;
						DevelopmentTeam = VJGEDW5SA9;
						LastSwiftMigration = 0830;
						ProvisioningStyle = Automatic;
					};
				};
			};
			buildConfigurationList = 047AD5DB1F2385C900B30A56 /* Build configuration list for PBXProject "PaypalTest" */;
			compatibilityVersion = "Xcode 3.2";
			developmentRegion = English;
			hasScannedForEncodings = 0;
			knownRegions = (
				en,
				Base,
			);
			mainGroup = 047AD5D71F2385C900B30A56;
			productRefGroup = 047AD5E11F2385C900B30A56 /* Products */;
			projectDirPath = "";
			projectRoot = "";
			targets = (
				047AD5DF1F2385C900B30A56 /* PaypalTest */,
			);
		};
/* End PBXProject section */

/* Begin PBXResourcesBuildPhase section */
		047AD5DE1F2385C900B30A56 /* Resources */ = {
			isa = PBXResourcesBuildPhase;
			buildActionMask = 2147483647;
			files = (
				047AD5EE1F2385C900B30A56 /* LaunchScreen.storyboard in Resources */,
				047AD5EB1F2385C900B30A56 /* Assets.xcassets in Resources */,
				047AD5E91F2385C900B30A56 /* Main.storyboard in Resources */,
			);
			runOnlyForDeploymentPostprocessing = 0;
		};
/* End PBXResourcesBuildPhase section */

/* Begin PBXShellScriptBuildPhase section */
		446E2B7A848C422426092129 /* [CP] Embed Pods Frameworks */ = {
			isa = PBXShellScriptBuildPhase;
			buildActionMask = 2147483647;
			files = (
			);
			inputPaths = (
			);
			name = "[CP] Embed Pods Frameworks";
			outputPaths = (
			);
			runOnlyForDeploymentPostprocessing = 0;
			shellPath = /bin/sh;
			shellScript = "\"${SRCROOT}/Pods/Target Support Files/Pods-PaypalTest/Pods-PaypalTest-frameworks.sh\"\n";
			showEnvVarsInLog = 0;
		};
		CE11684F5C27858CF00385DD /* [CP] Copy Pods Resources */ = {
			isa = PBXShellScriptBuildPhase;
			buildActionMask = 2147483647;
			files = (
			);
			inputPaths = (
			);
			name = "[CP] Copy Pods Resources";
			outputPaths = (
			);
			runOnlyForDeploymentPostprocessing = 0;
			shellPath = /bin/sh;
			shellScript = "\"${SRCROOT}/Pods/Target Support Files/Pods-PaypalTest/Pods-PaypalTest-resources.sh\"\n";
			showEnvVarsInLog = 0;
		};
		F959AD7BDC6DACF1DEC7921F /* [CP] Check Pods Manifest.lock */ = {
			isa = PBXShellScriptBuildPhase;
			buildActionMask = 2147483647;
			files = (
			);
			inputPaths = (
				"${PODS_PODFILE_DIR_PATH}/Podfile.lock",
				"${PODS_ROOT}/Manifest.lock",
			);
			name = "[CP] Check Pods Manifest.lock";
			outputPaths = (
				"$(DERIVED_FILE_DIR)/Pods-PaypalTest-checkManifestLockResult.txt",
			);
			runOnlyForDeploymentPostprocessing = 0;
			shellPath = /bin/sh;
			shellScript = "diff \"${PODS_PODFILE_DIR_PATH}/Podfile.lock\" \"${PODS_ROOT}/Manifest.lock\" > /dev/null\nif [ $? != 0 ] ; then\n    # print error to STDERR\n    echo \"error: The sandbox is not in sync with the Podfile.lock. Run 'pod install' or update your CocoaPods installation.\" >&2\n    exit 1\nfi\n# This output is used by Xcode 'outputs' to avoid re-running this script phase.\necho \"SUCCESS\" > \"${SCRIPT_OUTPUT_FILE_0}\"\n";
			showEnvVarsInLog = 0;
		};
/* End PBXShellScriptBuildPhase section */

/* Begin PBXSourcesBuildPhase section */
		047AD5DC1F2385C900B30A56 /* Sources */ = {
			isa = PBXSourcesBuildPhase;
			buildActionMask = 2147483647;
			files = (
				047AD5F61F23879B00B30A56 /* InitialViewController.swift in Sources */,
				047AD5E61F2385C900B30A56 /* ViewController.swift in Sources */,
				047AD5E41F2385C900B30A56 /* AppDelegate.swift in Sources */,
			);
			runOnlyForDeploymentPostprocessing = 0;
		};
/* End PBXSourcesBuildPhase section */

/* Begin PBXVariantGroup section */
		047AD5E71F2385C900B30A56 /* Main.storyboard */ = {
			isa = PBXVariantGroup;
			children = (
				047AD5E81F2385C900B30A56 /* Base */,
			);
			name = Main.storyboard;
			sourceTree = "<group>";
		};
		047AD5EC1F2385C900B30A56 /* LaunchScreen.storyboard */ = {
			isa = PBXVariantGroup;
			children = (
				047AD5ED1F2385C900B30A56 /* Base */,
			);
			name = LaunchScreen.storyboard;
			sourceTree = "<group>";
		};
/* End PBXVariantGroup section */

/* Begin XCBuildConfiguration section */
		047AD5F01F2385C900B30A56 /* Debug */ = {
			isa = XCBuildConfiguration;
			buildSettings = {
				ALWAYS_SEARCH_USER_PATHS = NO;
				CLANG_ANALYZER_NONNULL = YES;
				CLANG_ANALYZER_NUMBER_OBJECT_CONVERSION = YES_AGGRESSIVE;
				CLANG_CXX_LANGUAGE_STANDARD = "gnu++0x";
				CLANG_CXX_LIBRARY = "libc++";
				CLANG_ENABLE_MODULES = YES;
				CLANG_ENABLE_OBJC_ARC = YES;
				CLANG_WARN_BOOL_CONVERSION = YES;
				CLANG_WARN_CONSTANT_CONVERSION = YES;
				CLANG_WARN_DIRECT_OBJC_ISA_USAGE = YES_ERROR;
				CLANG_WARN_DOCUMENTATION_COMMENTS = YES;
				CLANG_WARN_EMPTY_BODY = YES;
				CLANG_WARN_ENUM_CONVERSION = YES;
				CLANG_WARN_INFINITE_RECURSION = YES;
				CLANG_WARN_INT_CONVERSION = YES;
				CLANG_WARN_OBJC_ROOT_CLASS = YES_ERROR;
				CLANG_WARN_SUSPICIOUS_MOVE = YES;
				CLANG_WARN_UNREACHABLE_CODE = YES;
				CLANG_WARN__DUPLICATE_METHOD_MATCH = YES;
				"CODE_SIGN_IDENTITY[sdk=iphoneos*]" = "iPhone Developer";
				COPY_PHASE_STRIP = NO;
				DEBUG_INFORMATION_FORMAT = dwarf;
				ENABLE_STRICT_OBJC_MSGSEND = YES;
				ENABLE_TESTABILITY = YES;
				GCC_C_LANGUAGE_STANDARD = gnu99;
				GCC_DYNAMIC_NO_PIC = NO;
				GCC_NO_COMMON_BLOCKS = YES;
				GCC_OPTIMIZATION_LEVEL = 0;
				GCC_PREPROCESSOR_DEFINITIONS = (
					"DEBUG=1",
					"$(inherited)",
				);
				GCC_WARN_64_TO_32_BIT_CONVERSION = YES;
				GCC_WARN_ABOUT_RETURN_TYPE = YES_ERROR;
				GCC_WARN_UNDECLARED_SELECTOR = YES;
				GCC_WARN_UNINITIALIZED_AUTOS = YES_AGGRESSIVE;
				GCC_WARN_UNUSED_FUNCTION = YES;
				GCC_WARN_UNUSED_VARIABLE = YES;
				IPHONEOS_DEPLOYMENT_TARGET = 10.3;
				MTL_ENABLE_DEBUG_INFO = YES;
				ONLY_ACTIVE_ARCH = YES;
				SDKROOT = iphoneos;
				SWIFT_ACTIVE_COMPILATION_CONDITIONS = DEBUG;
				SWIFT_OPTIMIZATION_LEVEL = "-Onone";
				TARGETED_DEVICE_FAMILY = "1,2";
			};
			name = Debug;
		};
		047AD5F11F2385C900B30A56 /* Release */ = {
			isa = XCBuildConfiguration;
			buildSettings = {
				ALWAYS_SEARCH_USER_PATHS = NO;
				CLANG_ANALYZER_NONNULL = YES;
				CLANG_ANALYZER_NUMBER_OBJECT_CONVERSION = YES_AGGRESSIVE;
				CLANG_CXX_LANGUAGE_STANDARD = "gnu++0x";
				CLANG_CXX_LIBRARY = "libc++";
				CLANG_ENABLE_MODULES = YES;
				CLANG_ENABLE_OBJC_ARC = YES;
				CLANG_WARN_BOOL_CONVERSION = YES;
				CLANG_WARN_CONSTANT_CONVERSION = YES;
				CLANG_WARN_DIRECT_OBJC_ISA_USAGE = YES_ERROR;
				CLANG_WARN_DOCUMENTATION_COMMENTS = YES;
				CLANG_WARN_EMPTY_BODY = YES;
				CLANG_WARN_ENUM_CONVERSION = YES;
				CLANG_WARN_INFINITE_RECURSION = YES;
				CLANG_WARN_INT_CONVERSION = YES;
				CLANG_WARN_OBJC_ROOT_CLASS = YES_ERROR;
				CLANG_WARN_SUSPICIOUS_MOVE = YES;
				CLANG_WARN_UNREACHABLE_CODE = YES;
				CLANG_WARN__DUPLICATE_METHOD_MATCH = YES;
				"CODE_SIGN_IDENTITY[sdk=iphoneos*]" = "iPhone Developer";
				COPY_PHASE_STRIP = NO;
				DEBUG_INFORMATION_FORMAT = "dwarf-with-dsym";
				ENABLE_NS_ASSERTIONS = NO;
				ENABLE_STRICT_OBJC_MSGSEND = YES;
				GCC_C_LANGUAGE_STANDARD = gnu99;
				GCC_NO_COMMON_BLOCKS = YES;
				GCC_WARN_64_TO_32_BIT_CONVERSION = YES;
				GCC_WARN_ABOUT_RETURN_TYPE = YES_ERROR;
				GCC_WARN_UNDECLARED_SELECTOR = YES;
				GCC_WARN_UNINITIALIZED_AUTOS = YES_AGGRESSIVE;
				GCC_WARN_UNUSED_FUNCTION = YES;
				GCC_WARN_UNUSED_VARIABLE = YES;
				IPHONEOS_DEPLOYMENT_TARGET = 10.3;
				MTL_ENABLE_DEBUG_INFO = NO;
				SDKROOT = iphoneos;
				SWIFT_OPTIMIZATION_LEVEL = "-Owholemodule";
				TARGETED_DEVICE_FAMILY = "1,2";
				VALIDATE_PRODUCT = YES;
			};
			name = Release;
		};
		047AD5F31F2385C900B30A56 /* Debug */ = {
			isa = XCBuildConfiguration;
			baseConfigurationReference = B17B5243BE5E8732BBAAB472 /* Pods-PaypalTest.debug.xcconfig */;
			buildSettings = {
				ASSETCATALOG_COMPILER_APPICON_NAME = AppIcon;
				CLANG_ENABLE_MODULES = YES;
				DEVELOPMENT_TEAM = VJGEDW5SA9;
				INFOPLIST_FILE = PaypalTest/Info.plist;
				LD_RUNPATH_SEARCH_PATHS = "$(inherited) @executable_path/Frameworks";
				PRODUCT_BUNDLE_IDENTIFIER = com.sunnylee945.PaypalTest;
				PRODUCT_NAME = "$(TARGET_NAME)";
				SWIFT_OBJC_BRIDGING_HEADER = "PaypalTest/PaypalTest-Bridging-Header.h";
				SWIFT_OPTIMIZATION_LEVEL = "-Onone";
				SWIFT_VERSION = 3.0;
			};
			name = Debug;
		};
		047AD5F41F2385C900B30A56 /* Release */ = {
			isa = XCBuildConfiguration;
			baseConfigurationReference = 6BEE39C8607BB1538EBCA87E /* Pods-PaypalTest.release.xcconfig */;
			buildSettings = {
				ASSETCATALOG_COMPILER_APPICON_NAME = AppIcon;
				CLANG_ENABLE_MODULES = YES;
				DEVELOPMENT_TEAM = VJGEDW5SA9;
				INFOPLIST_FILE = PaypalTest/Info.plist;
				LD_RUNPATH_SEARCH_PATHS = "$(inherited) @executable_path/Frameworks";
				PRODUCT_BUNDLE_IDENTIFIER = com.sunnylee945.PaypalTest;
				PRODUCT_NAME = "$(TARGET_NAME)";
				SWIFT_OBJC_BRIDGING_HEADER = "PaypalTest/PaypalTest-Bridging-Header.h";
				SWIFT_VERSION = 3.0;
			};
			name = Release;
		};
/* End XCBuildConfiguration section */

/* Begin XCConfigurationList section */
		047AD5DB1F2385C900B30A56 /* Build configuration list for PBXProject "PaypalTest" */ = {
			isa = XCConfigurationList;
			buildConfigurations = (
				047AD5F01F2385C900B30A56 /* Debug */,
				047AD5F11F2385C900B30A56 /* Release */,
			);
			defaultConfigurationIsVisible = 0;
			defaultConfigurationName = Release;
		};
		047AD5F21F2385C900B30A56 /* Build configuration list for PBXNativeTarget "PaypalTest" */ = {
			isa = XCConfigurationList;
			buildConfigurations = (
				047AD5F31F2385C900B30A56 /* Debug */,
				047AD5F41F2385C900B30A56 /* Release */,
			);
			defaultConfigurationIsVisible = 0;
			defaultConfigurationName = Release;
		};
/* End XCConfigurationList section */
	};
	rootObject = 047AD5D81F2385C900B30A56 /* Project object */;
}
